
Microsoft Visual Studio Solution File, Format Version 12.00
# Visual Studio 15
VisualStudioVersion = 15.0.26730.8
MinimumVisualStudioVersion = 10.0.40219.1
Project("{FAE04EC0-301F-11D3-BF4B-00C04F79EFBC}") = "Routine Maker", "Routine Maker\Routine Maker.csproj", "{19B6C626-5AC5-4A4E-B3D2-9396C6D59AC7}"
EndProject
Global
	GlobalSection(SolutionConfigurationPlatforms) = preSolution
		Debug|Any CPU = Debug|Any CPU
		Release|Any CPU = Release|Any CPU
	EndGlobalSection
	GlobalSection(ProjectConfigurationPlatforms) = postSolution
		{19B6C626-5AC5-4A4E-B3D2-9396C6D59AC7}.Debug|Any CPU.ActiveCfg = Debug|Any CPU
		{19B6C626-5AC5-4A4E-B3D2-9396C6D59AC7}.Debug|Any CPU.Build.0 = Debug|Any CPU
		{19B6C626-5AC5-4A4E-B3D2-9396C6D59AC7}.Release|Any CPU.ActiveCfg = Release|Any CPU
		{19B6C626-5AC5-4A4E-B3D2-9396C6D59AC7}.Release|Any CPU.Build.0 = Release|Any CPU
	EndGlobalSection
	GlobalSection(SolutionProperties) = preSolution
		HideSolutionNode = FALSE
	EndGlobalSection
	GlobalSection(ExtensibilityGlobals) = postSolution
		SolutionGuid = {0DD5930E-9875-49EC-B4E0-0DD8B359C41E}
	EndGlobalSection
EndGlobal
